<?xml version="1.0" encoding="utf-8"?>
<Project ToolsVersion="4.0" xmlns="http://schemas.microsoft.com/developer/msbuild/2003">
  <ItemGroup>
    <Filter Include="98.Default">
      <UniqueIdentifier>{620a8e63-548b-40d2-88d9-e033cc0956bc}</UniqueIdentifier>
    </Filter>
    <Filter Include="99.Headers">
      <UniqueIdentifier>{e296279c-e36e-4a6f-bef1-dc56aa576244}</UniqueIdentifier>
    </Filter>
    <Filter Include="00.MainApp">
      <UniqueIdentifier>{00740b1c-55d6-4e82-b855-95dd954aaca4}</UniqueIdentifier>
    </Filter>
    <Filter Include="01. Levels">
      <UniqueIdentifier>{f0a603fb-ad79-4483-87b3-a9622a04dfe8}</UniqueIdentifier>
    </Filter>
    <Filter Include="01. Levels\00. Level_Logo">
      <UniqueIdentifier>{6a162262-b125-4168-8516-03bccf598898}</UniqueIdentifier>
    </Filter>
    <Filter Include="01. Levels\01. Level_GamePlay">
      <UniqueIdentifier>{8c7a8ca8-27c2-4ea6-bbbc-26ae3982147e}</UniqueIdentifier>
    </Filter>
    <Filter Include="01. Levels\99. Level_Loading">
      <UniqueIdentifier>{4d8384f4-e8a4-4783-8fc7-10622987d984}</UniqueIdentifier>
    </Filter>
    <Filter Include="01. Levels\99. Level_Loading\Loader">
      <UniqueIdentifier>{65e810a4-1df9-461d-81dc-bfdf48e72c83}</UniqueIdentifier>
    </Filter>
    <Filter Include="02. GameObject">
      <UniqueIdentifier>{4421319e-a267-4e72-82e9-352a5166944f}</UniqueIdentifier>
    </Filter>
    <Filter Include="02. GameObject\BackGround">
      <UniqueIdentifier>{e1d3b298-7249-4a1d-8b9a-2cb769a60e9b}</UniqueIdentifier>
    </Filter>
    <Filter Include="97. ShaderFiles">
      <UniqueIdentifier>{e00542d5-bcff-4309-9d4a-11f315bae038}</UniqueIdentifier>
    </Filter>
    <Filter Include="02. GameObject\Terrain">
      <UniqueIdentifier>{33d642fa-3091-46e2-a765-b922d6528579}</UniqueIdentifier>
    </Filter>
    <Filter Include="02. GameObject\Camera">
      <UniqueIdentifier>{4a1653ab-30f2-4b57-90f9-c4af8aa416f0}</UniqueIdentifier>
    </Filter>
    <Filter Include="02. GameObject\Camera\Camera_Free">
      <UniqueIdentifier>{031c7df3-afbf-4335-a4da-3d32f52b6e35}</UniqueIdentifier>
    </Filter>
  </ItemGroup>
  <ItemGroup>
    <Text Include="ReadMe.txt" />
  </ItemGroup>
  <ItemGroup>
    <ClInclude Include="Client.h">
      <Filter>98.Default</Filter>
    </ClInclude>
    <ClInclude Include="Resource.h">
      <Filter>98.Default</Filter>
    </ClInclude>
    <ClInclude Include="stdafx.h">
      <Filter>98.Default</Filter>
    </ClInclude>
    <ClInclude Include="targetver.h">
      <Filter>98.Default</Filter>
    </ClInclude>
    <ClInclude Include="..\public\CMainApp.h">
      <Filter>00.MainApp</Filter>
    </ClInclude>
    <ClInclude Include="..\Public\Client_Defines.h">
      <Filter>99.Headers</Filter>
    </ClInclude>
    <ClInclude Include="..\Public\CLevel_Logo.h">
      <Filter>01. Levels\00. Level_Logo</Filter>
    </ClInclude>
    <ClInclude Include="..\Public\CLevel_GamePlay.h">
      <Filter>01. Levels\01. Level_GamePlay</Filter>
    </ClInclude>
    <ClInclude Include="..\Public\CLevel_Loading.h">
      <Filter>01. Levels\99. Level_Loading</Filter>
    </ClInclude>
    <ClInclude Include="..\Public\CLoader.h">
      <Filter>01. Levels\99. Level_Loading\Loader</Filter>
    </ClInclude>
    <ClInclude Include="..\Public\CBackGround.h">
      <Filter>02. GameObject\BackGround</Filter>
    </ClInclude>
    <ClInclude Include="..\Public\CTerrain.h">
      <Filter>02. GameObject\Terrain</Filter>
    </ClInclude>
    <ClInclude Include="..\Public\CCamera_Free.h">
      <Filter>02. GameObject\Camera\Camera_Free</Filter>
    </ClInclude>
  </ItemGroup>
  <ItemGroup>
    <ClCompile Include="Client.cpp">
      <Filter>98.Default</Filter>
    </ClCompile>
    <ClCompile Include="stdafx.cpp">
      <Filter>98.Default</Filter>
    </ClCompile>
    <ClCompile Include="..\private\CMainApp.cpp">
      <Filter>00.MainApp</Filter>
    </ClCompile>
    <ClCompile Include="..\Private\CLoader.cpp">
      <Filter>01. Levels\99. Level_Loading\Loader</Filter>
    </ClCompile>
    <ClCompile Include="..\Private\CBackGround.cpp">
      <Filter>02. GameObject\BackGround</Filter>
    </ClCompile>
    <ClCompile Include="..\Private\CLevel_GamePlay.cpp">
      <Filter>01. Levels\01. Level_GamePlay</Filter>
    </ClCompile>
    <ClCompile Include="..\Private\CLevel_Logo.cpp">
      <Filter>01. Levels\00. Level_Logo</Filter>
    </ClCompile>
    <ClCompile Include="..\Private\CLevel_Loading.cpp">
      <Filter>01. Levels\99. Level_Loading</Filter>
    </ClCompile>
    <ClCompile Include="..\Private\CTerrain.cpp">
      <Filter>02. GameObject\Terrain</Filter>
    </ClCompile>
    <ClCompile Include="..\Private\CCamera_Free.cpp">
      <Filter>02. GameObject\Camera\Camera_Free</Filter>
    </ClCompile>
  </ItemGroup>
  <ItemGroup>
    <Image Include="Client.ico">
      <Filter>98.Default</Filter>
    </Image>
    <Image Include="small.ico">
      <Filter>98.Default</Filter>
    </Image>
  </ItemGroup>
  <ItemGroup>
    <ResourceCompile Include="Client.rc">
      <Filter>98.Default</Filter>
    </ResourceCompile>
  </ItemGroup>
  <ItemGroup>
    <FxCompile Include="..\Bin\ShaderFiles\Shader_VtxNorTex.hlsl">
      <Filter>97. ShaderFiles</Filter>
    </FxCompile>
    <FxCompile Include="..\Bin\ShaderFiles\Shader_VtxTex.hlsl">
      <Filter>97. ShaderFiles</Filter>
    </FxCompile>
  </ItemGroup>
</Project>