<?xml version="1.0" encoding="utf-8"?>
<Project ToolsVersion="4.0" xmlns="http://schemas.microsoft.com/developer/msbuild/2003">
  <ItemGroup>
    <Filter Include="00. MainApp">
      <UniqueIdentifier>{77a4fcb4-74ed-4443-b511-656de00dd5bf}</UniqueIdentifier>
    </Filter>
    <Filter Include="01. Level">
      <UniqueIdentifier>{3438a748-3fc2-4cd1-a4f2-60b03ca6e512}</UniqueIdentifier>
    </Filter>
    <Filter Include="02. GameObject">
      <UniqueIdentifier>{9c0eba2b-7ce2-41c8-b899-5d7019eb993c}</UniqueIdentifier>
    </Filter>
    <Filter Include="03. MonoBehaviors">
      <UniqueIdentifier>{6a0b25ca-5da3-414c-8707-48a51cb4c432}</UniqueIdentifier>
    </Filter>
    <Filter Include="97. ShaderFiles">
      <UniqueIdentifier>{6a342525-dd34-4199-800a-fcc2ac37151d}</UniqueIdentifier>
    </Filter>
    <Filter Include="99. Headers">
      <UniqueIdentifier>{37d115a9-349b-4df7-8648-a1798d5cdd60}</UniqueIdentifier>
    </Filter>
    <Filter Include="01. Level\00. Level_Logo">
      <UniqueIdentifier>{3973ae34-5dff-455e-a2b4-f7e242c737bc}</UniqueIdentifier>
    </Filter>
    <Filter Include="01. Level\01. Level_GamePlay">
      <UniqueIdentifier>{c456ece9-7874-4945-b4d3-1e62b5887616}</UniqueIdentifier>
    </Filter>
    <Filter Include="01. Level\99. Level_Loading">
      <UniqueIdentifier>{ca4f21c5-d125-45e2-a67b-49f542683470}</UniqueIdentifier>
    </Filter>
    <Filter Include="01. Level\99. Level_Loading\Loader">
      <UniqueIdentifier>{47515268-fbcd-43bd-8559-519faed41aee}</UniqueIdentifier>
    </Filter>
    <Filter Include="02. GameObject\01. Monster">
      <UniqueIdentifier>{60686553-c835-48e3-9f9d-bf46657e5fc3}</UniqueIdentifier>
    </Filter>
    <Filter Include="02. GameObject\01. Monster\01. Goblin">
      <UniqueIdentifier>{5ff86110-2e8e-42c6-b3b2-dbb0462cf3be}</UniqueIdentifier>
    </Filter>
    <Filter Include="02. GameObject\01. Monster\02. HellHound">
      <UniqueIdentifier>{f5d58a59-c98a-483b-a28a-47e524a59452}</UniqueIdentifier>
    </Filter>
    <Filter Include="02. GameObject\00. Player">
      <UniqueIdentifier>{89161d61-250c-48b9-83e0-19e00e13a01d}</UniqueIdentifier>
    </Filter>
    <Filter Include="02. GameObject\00. Player\PlayerActions">
      <UniqueIdentifier>{c8c9e6a3-4e00-4053-b3f1-8732e7fcf0df}</UniqueIdentifier>
    </Filter>
    <Filter Include="02. GameObject\00. Player\PlayerActions\00. AttackAction">
      <UniqueIdentifier>{237343f7-f536-41b4-8dbe-7526ab686949}</UniqueIdentifier>
    </Filter>
    <Filter Include="02. GameObject\00. Player\PlayerActions\01. JumpAction">
      <UniqueIdentifier>{2f226dfa-3b84-4925-8f3f-f39d81c04b40}</UniqueIdentifier>
    </Filter>
    <Filter Include="02. GameObject\00. Player\PlayerActions\02. MoveAction">
      <UniqueIdentifier>{0bb76e58-2d0a-49b3-8e1f-84f8f9e06a31}</UniqueIdentifier>
    </Filter>
    <Filter Include="02. GameObject\02. Environment">
      <UniqueIdentifier>{17fc5572-0174-4615-b984-6a48a49de314}</UniqueIdentifier>
    </Filter>
    <Filter Include="02. GameObject\02. Environment\00. Anim_Object">
      <UniqueIdentifier>{f4577e5a-07d9-44bc-96f6-faf5e8543ec8}</UniqueIdentifier>
    </Filter>
    <Filter Include="02. GameObject\02. Environment\01. Static_Object">
      <UniqueIdentifier>{77e2a82a-bd5e-4fca-8545-b3631251b97a}</UniqueIdentifier>
    </Filter>
    <Filter Include="02. GameObject\02. Environment\02. Terrain">
      <UniqueIdentifier>{91265c91-eb01-4086-ba6d-9a1031691267}</UniqueIdentifier>
    </Filter>
    <Filter Include="02. GameObject\02. Environment\03. Sky">
      <UniqueIdentifier>{35acc4be-ac12-4c93-af6e-e559b165e24e}</UniqueIdentifier>
    </Filter>
    <Filter Include="02. GameObject\03. Parts">
      <UniqueIdentifier>{b4907ddb-e07f-491f-820f-af3201a0cdeb}</UniqueIdentifier>
    </Filter>
    <Filter Include="02. GameObject\03. Parts\00. Weapon">
      <UniqueIdentifier>{8baa57bc-f740-401e-9bbc-a3ab053b4b19}</UniqueIdentifier>
    </Filter>
    <Filter Include="02. GameObject\04. UI">
      <UniqueIdentifier>{a5ef5317-f793-4856-aaa8-def1f8d1b6c1}</UniqueIdentifier>
    </Filter>
    <Filter Include="98. Default">
      <UniqueIdentifier>{eb3c224c-bae0-4907-81f3-ce03694ea332}</UniqueIdentifier>
    </Filter>
    <Filter Include="02. GameObject\01. Monster\03. Legion">
      <UniqueIdentifier>{4f3122b0-66c5-4f52-9a14-f85bab31fe5c}</UniqueIdentifier>
    </Filter>
    <Filter Include="02. GameObject\01. Monster\03. Legion\Legion_Melee">
      <UniqueIdentifier>{24bf42fc-ed64-4a97-a9d5-cc8a8e6bd961}</UniqueIdentifier>
    </Filter>
    <Filter Include="02. GameObject\03. Parts\01. Projectile">
      <UniqueIdentifier>{3565f326-cd94-4eb8-8786-ce27692d7774}</UniqueIdentifier>
    </Filter>
    <Filter Include="02. GameObject\01. Monster\03. Legion\Legion_Champion">
      <UniqueIdentifier>{d19a6948-3fda-4dd6-a072-a54e30879fae}</UniqueIdentifier>
    </Filter>
    <Filter Include="02. GameObject\00. Player\PlayerActions\03. HitAction">
      <UniqueIdentifier>{5a212178-0942-4351-a11b-1dec202ef8ad}</UniqueIdentifier>
    </Filter>
    <Filter Include="02. GameObject\01. Monster\01. Goblin\Goblin_Armor">
      <UniqueIdentifier>{99f4260a-d930-416b-be43-c1b793aa05d2}</UniqueIdentifier>
    </Filter>
    <Filter Include="02. GameObject\01. Monster\04. SteamRoller">
      <UniqueIdentifier>{3a69def9-e47d-4cc8-9a55-157295d9d094}</UniqueIdentifier>
    </Filter>
    <Filter Include="02. GameObject\02. Environment\04. Lava">
      <UniqueIdentifier>{69537671-87a9-4da2-b70b-03052dc03423}</UniqueIdentifier>
    </Filter>
    <Filter Include="03. MonoBehaviors\Movement">
      <UniqueIdentifier>{fbcd3817-9ec8-4298-ba4f-d58e3678b44d}</UniqueIdentifier>
    </Filter>
    <Filter Include="02. GameObject\01. Monster\00. Patterns">
      <UniqueIdentifier>{fa67aaea-8c69-4855-8a46-5295ba1d3cca}</UniqueIdentifier>
    </Filter>
    <Filter Include="02. GameObject\01. Monster\00. Patterns\SteamRoller">
      <UniqueIdentifier>{2c55d1c6-afec-4af9-a62c-9b0a40247a5c}</UniqueIdentifier>
    </Filter>
    <Filter Include="03. MonoBehaviors\Actions">
      <UniqueIdentifier>{84cf9661-a84d-4f89-8741-b78f0791aa6f}</UniqueIdentifier>
    </Filter>
    <Filter Include="02. GameObject\01. Monster\05. FallenDog">
      <UniqueIdentifier>{ec586f5d-837c-4586-9099-30e7db991efc}</UniqueIdentifier>
    </Filter>
    <Filter Include="02. GameObject\01. Monster\00. Patterns\FallenDog">
      <UniqueIdentifier>{d5fe91f7-7693-428b-b16b-8262591b83ab}</UniqueIdentifier>
    </Filter>
    <Filter Include="02. GameObject\01. Monster\01. Goblin\Goblin">
      <UniqueIdentifier>{3004ab05-67ec-4bbe-ae8b-a5a21a81b0a3}</UniqueIdentifier>
    </Filter>
    <Filter Include="02. GameObject\99. ETC">
      <UniqueIdentifier>{0c493fd3-8a2a-440b-974e-406493ebb963}</UniqueIdentifier>
    </Filter>
    <Filter Include="02. GameObject\99. ETC\AOE">
      <UniqueIdentifier>{430efb46-863d-466b-bfed-4b41cc34c1ba}</UniqueIdentifier>
    </Filter>
    <Filter Include="02. GameObject\00. Player\PlayerActions\04. Skills">
      <UniqueIdentifier>{cd0d5eb4-ddc1-49be-816d-0016d631dfe0}</UniqueIdentifier>
    </Filter>
    <Filter Include="02. GameObject\00. Player\PlayerActions\04. Skills\WheelWind">
      <UniqueIdentifier>{70e7a8c3-f0d1-4f87-967f-7c7ceffa739b}</UniqueIdentifier>
    </Filter>
    <Filter Include="02. GameObject\00. Player\PlayerActions\04. Skills\LeapAttack">
      <UniqueIdentifier>{4cb5d671-3dab-4b3f-9b07-8c1ec135330f}</UniqueIdentifier>
    </Filter>
    <Filter Include="02. GameObject\00. Player\PlayerActions\05. Knockback">
      <UniqueIdentifier>{80abb2b4-840c-4437-9b66-06c68ccfa654}</UniqueIdentifier>
    </Filter>
    <Filter Include="02. GameObject\01. Monster\00. Patterns\Legion_Champion">
      <UniqueIdentifier>{c863e395-12c7-465f-83c3-1f20058b07af}</UniqueIdentifier>
    </Filter>
    <Filter Include="02. GameObject\01. Monster\06. HollowLord">
      <UniqueIdentifier>{f456dcfc-e88e-43bb-b98c-254d7b113868}</UniqueIdentifier>
    </Filter>
    <Filter Include="02. GameObject\01. Monster\00. Patterns\HollowLord">
      <UniqueIdentifier>{3b0ad9fd-6887-4abf-be3d-87d79cf2c55b}</UniqueIdentifier>
    </Filter>
    <Filter Include="02. GameObject\03. Parts\02. Camera">
      <UniqueIdentifier>{25c94e65-65fe-4b4a-8170-e01b1882dc34}</UniqueIdentifier>
    </Filter>
    <Filter Include="02. GameObject\05. Trigger">
      <UniqueIdentifier>{2255584d-1b7d-42dd-8db1-d8640890b3dc}</UniqueIdentifier>
    </Filter>
  </ItemGroup>
  <ItemGroup>
    <ClInclude Include="Client.h">
      <Filter>98. Default</Filter>
    </ClInclude>
    <ClInclude Include="framework.h">
      <Filter>98. Default</Filter>
    </ClInclude>
    <ClInclude Include="Resource.h">
      <Filter>98. Default</Filter>
    </ClInclude>
    <ClInclude Include="targetver.h">
      <Filter>98. Default</Filter>
    </ClInclude>
    <ClInclude Include="..\Public\Client_Defines.h">
      <Filter>99. Headers</Filter>
    </ClInclude>
    <ClInclude Include="..\Public\MonoBehavior_Defines.h">
      <Filter>99. Headers</Filter>
    </ClInclude>
    <ClInclude Include="..\Public\CMainApp.h">
      <Filter>00. MainApp</Filter>
    </ClInclude>
    <ClInclude Include="..\Public\CLoader.h">
      <Filter>01. Level\99. Level_Loading\Loader</Filter>
    </ClInclude>
    <ClInclude Include="..\Public\CLevel_GamePlay.h">
      <Filter>01. Level\01. Level_GamePlay</Filter>
    </ClInclude>
    <ClInclude Include="..\Public\CLevel_Loading.h">
      <Filter>01. Level\99. Level_Loading</Filter>
    </ClInclude>
    <ClInclude Include="..\Public\CLevel_Logo.h">
      <Filter>01. Level\00. Level_Logo</Filter>
    </ClInclude>
    <ClInclude Include="..\Public\CLegion_Melee.h">
      <Filter>02. GameObject\01. Monster\03. Legion\Legion_Melee</Filter>
    </ClInclude>
    <ClInclude Include="..\Public\CHellHound.h">
      <Filter>02. GameObject\01. Monster\02. HellHound</Filter>
    </ClInclude>
    <ClInclude Include="..\Public\CMonster.h">
      <Filter>02. GameObject\01. Monster</Filter>
    </ClInclude>
    <ClInclude Include="..\Public\CPlayerAction.h">
      <Filter>02. GameObject\00. Player\PlayerActions</Filter>
    </ClInclude>
    <ClInclude Include="..\Public\CPlayerJump.h">
      <Filter>02. GameObject\00. Player\PlayerActions\01. JumpAction</Filter>
    </ClInclude>
    <ClInclude Include="..\Public\CPlayerMove.h">
      <Filter>02. GameObject\00. Player\PlayerActions\02. MoveAction</Filter>
    </ClInclude>
    <ClInclude Include="..\Public\CPlayerAttack.h">
      <Filter>02. GameObject\00. Player\PlayerActions\00. AttackAction</Filter>
    </ClInclude>
    <ClInclude Include="..\Public\CPlayer.h">
      <Filter>02. GameObject\00. Player</Filter>
    </ClInclude>
    <ClInclude Include="..\Public\CSky.h">
      <Filter>02. GameObject\02. Environment\03. Sky</Filter>
    </ClInclude>
    <ClInclude Include="..\Public\CTerrain.h">
      <Filter>02. GameObject\02. Environment\02. Terrain</Filter>
    </ClInclude>
    <ClInclude Include="..\Public\CStatic_Object.h">
      <Filter>02. GameObject\02. Environment\01. Static_Object</Filter>
    </ClInclude>
    <ClInclude Include="..\Public\CWeapon.h">
      <Filter>02. GameObject\03. Parts\00. Weapon</Filter>
    </ClInclude>
    <ClInclude Include="..\Public\CUI_Rect.h">
      <Filter>02. GameObject\04. UI</Filter>
    </ClInclude>
    <ClInclude Include="..\Public\CAction_Hit.h">
      <Filter>02. GameObject\01. Monster\00. Patterns</Filter>
    </ClInclude>
    <ClInclude Include="..\Public\CPattern_Attack.h">
      <Filter>02. GameObject\01. Monster\00. Patterns</Filter>
    </ClInclude>
    <ClInclude Include="..\Public\CPattern_Patrol.h">
      <Filter>02. GameObject\01. Monster\00. Patterns</Filter>
    </ClInclude>
    <ClInclude Include="..\Public\CProjectile.h">
      <Filter>02. GameObject\03. Parts\01. Projectile</Filter>
    </ClInclude>
    <ClInclude Include="..\Public\CLegion_Champion.h">
      <Filter>02. GameObject\01. Monster\03. Legion\Legion_Champion</Filter>
    </ClInclude>
    <ClInclude Include="..\Public\CPlayerHit.h">
      <Filter>02. GameObject\00. Player\PlayerActions\03. HitAction</Filter>
    </ClInclude>
    <ClInclude Include="..\Public\CGoblin_Armor.h">
      <Filter>02. GameObject\01. Monster\01. Goblin\Goblin_Armor</Filter>
    </ClInclude>
    <ClInclude Include="..\Public\CSteamRoller.h">
      <Filter>02. GameObject\01. Monster\04. SteamRoller</Filter>
    </ClInclude>
    <ClInclude Include="..\Public\CLava.h">
      <Filter>02. GameObject\02. Environment\04. Lava</Filter>
    </ClInclude>
    <ClInclude Include="..\Public\CUI_Overlay.h">
      <Filter>02. GameObject\04. UI</Filter>
    </ClInclude>
    <ClInclude Include="..\Public\CUI_HpBar.h">
      <Filter>02. GameObject\04. UI</Filter>
    </ClInclude>
    <ClInclude Include="..\Public\CPattern_Roll.h">
      <Filter>02. GameObject\01. Monster\00. Patterns\SteamRoller</Filter>
    </ClInclude>
    <ClInclude Include="..\Public\CFollow.h">
      <Filter>03. MonoBehaviors\Movement</Filter>
    </ClInclude>
    <ClInclude Include="..\Public\CLookAtTarget.h">
      <Filter>03. MonoBehaviors\Movement</Filter>
    </ClInclude>
    <ClInclude Include="..\Public\CRandomLook.h">
      <Filter>03. MonoBehaviors\Movement</Filter>
    </ClInclude>
    <ClInclude Include="..\Public\CJump.h">
      <Filter>03. MonoBehaviors\Movement</Filter>
    </ClInclude>
    <ClInclude Include="..\Public\CMove.h">
      <Filter>03. MonoBehaviors\Movement</Filter>
    </ClInclude>
    <ClInclude Include="..\Public\CAction.h">
      <Filter>03. MonoBehaviors\Actions</Filter>
    </ClInclude>
    <ClInclude Include="..\Public\CHit.h">
      <Filter>03. MonoBehaviors\Actions</Filter>
    </ClInclude>
    <ClInclude Include="..\Public\CWait.h">
      <Filter>03. MonoBehaviors\Movement</Filter>
    </ClInclude>
    <ClInclude Include="..\Public\CPattern_BackDash.h">
      <Filter>02. GameObject\01. Monster\00. Patterns</Filter>
    </ClInclude>
    <ClInclude Include="..\Public\CRandomSelector.h">
      <Filter>03. MonoBehaviors</Filter>
    </ClInclude>
    <ClInclude Include="..\Public\CFallenDog.h">
      <Filter>02. GameObject\01. Monster\05. FallenDog</Filter>
    </ClInclude>
    <ClInclude Include="..\Public\CDead.h">
      <Filter>03. MonoBehaviors\Movement</Filter>
    </ClInclude>
    <ClInclude Include="..\Public\CGoblin.h">
      <Filter>02. GameObject\01. Monster\01. Goblin\Goblin</Filter>
    </ClInclude>
    <ClInclude Include="..\Public\CAoE.h">
      <Filter>02. GameObject\99. ETC\AOE</Filter>
    </ClInclude>
    <ClInclude Include="..\Public\CWheelWind.h">
      <Filter>02. GameObject\00. Player\PlayerActions\04. Skills\WheelWind</Filter>
    </ClInclude>
    <ClInclude Include="..\Public\CLeapAttack.h">
      <Filter>02. GameObject\00. Player\PlayerActions\04. Skills\LeapAttack</Filter>
    </ClInclude>
    <ClInclude Include="..\Public\CPlayerKnockback.h">
      <Filter>02. GameObject\00. Player\PlayerActions\05. Knockback</Filter>
    </ClInclude>
    <ClInclude Include="..\Public\CPattern_Wheel.h">
      <Filter>02. GameObject\01. Monster\00. Patterns\Legion_Champion</Filter>
    </ClInclude>
    <ClInclude Include="..\Public\CHollowLord.h">
      <Filter>02. GameObject\01. Monster\06. HollowLord</Filter>
    </ClInclude>
    <ClInclude Include="..\Public\CCamera_Free.h">
      <Filter>02. GameObject\03. Parts\02. Camera</Filter>
    </ClInclude>
    <ClInclude Include="..\Public\CTrigger_Free.h">
      <Filter>02. GameObject\05. Trigger</Filter>
    </ClInclude>
    <ClInclude Include="..\Public\CBoss_Attack.h">
      <Filter>02. GameObject\01. Monster\00. Patterns\HollowLord</Filter>
    </ClInclude>
  </ItemGroup>
  <ItemGroup>
    <Image Include="small.ico">
      <Filter>98. Default</Filter>
    </Image>
    <Image Include="Client.ico">
      <Filter>98. Default</Filter>
    </Image>
  </ItemGroup>
  <ItemGroup>
    <ClCompile Include="Client.cpp">
      <Filter>98. Default</Filter>
    </ClCompile>
    <ClCompile Include="..\Private\CMainApp.cpp">
      <Filter>00. MainApp</Filter>
    </ClCompile>
    <ClCompile Include="..\Private\CLoader.cpp">
      <Filter>01. Level\99. Level_Loading\Loader</Filter>
    </ClCompile>
    <ClCompile Include="..\Private\CLevel_GamePlay.cpp">
      <Filter>01. Level\01. Level_GamePlay</Filter>
    </ClCompile>
    <ClCompile Include="..\Private\CLevel_Logo.cpp">
      <Filter>01. Level\00. Level_Logo</Filter>
    </ClCompile>
    <ClCompile Include="..\Private\CLevel_Loading.cpp">
      <Filter>01. Level\99. Level_Loading</Filter>
    </ClCompile>
    <ClCompile Include="..\Private\CMonster.cpp">
      <Filter>02. GameObject\01. Monster</Filter>
    </ClCompile>
    <ClCompile Include="..\Private\CHellHound.cpp">
      <Filter>02. GameObject\01. Monster\02. HellHound</Filter>
    </ClCompile>
    <ClCompile Include="..\Private\CLegion_Melee.cpp">
      <Filter>02. GameObject\01. Monster\03. Legion\Legion_Melee</Filter>
    </ClCompile>
    <ClCompile Include="..\Private\CPattern_Patrol.cpp">
      <Filter>02. GameObject\01. Monster\00. Patterns</Filter>
    </ClCompile>
    <ClCompile Include="..\Private\CPlayerAttack.cpp">
      <Filter>02. GameObject\00. Player\PlayerActions\00. AttackAction</Filter>
    </ClCompile>
    <ClCompile Include="..\Private\CPlayerMove.cpp">
      <Filter>02. GameObject\00. Player\PlayerActions\02. MoveAction</Filter>
    </ClCompile>
    <ClCompile Include="..\Private\CPlayerAction.cpp">
      <Filter>02. GameObject\00. Player\PlayerActions</Filter>
    </ClCompile>
    <ClCompile Include="..\Private\CPlayerJump.cpp">
      <Filter>02. GameObject\00. Player\PlayerActions\01. JumpAction</Filter>
    </ClCompile>
    <ClCompile Include="..\Private\CPlayer.cpp">
      <Filter>02. GameObject\00. Player</Filter>
    </ClCompile>
    <ClCompile Include="..\Private\CSky.cpp">
      <Filter>02. GameObject\02. Environment\03. Sky</Filter>
    </ClCompile>
    <ClCompile Include="..\Private\CTerrain.cpp">
      <Filter>02. GameObject\02. Environment\02. Terrain</Filter>
    </ClCompile>
    <ClCompile Include="..\Private\CStatic_Object.cpp">
      <Filter>02. GameObject\02. Environment\01. Static_Object</Filter>
    </ClCompile>
    <ClCompile Include="..\Private\CWeapon.cpp">
      <Filter>02. GameObject\03. Parts\00. Weapon</Filter>
    </ClCompile>
    <ClCompile Include="..\Private\CUI_Rect.cpp">
      <Filter>02. GameObject\04. UI</Filter>
    </ClCompile>
    <ClCompile Include="..\Private\CAction_Hit.cpp">
      <Filter>02. GameObject\01. Monster\00. Patterns</Filter>
    </ClCompile>
    <ClCompile Include="..\Private\CPattern_Attack.cpp">
      <Filter>02. GameObject\01. Monster\00. Patterns</Filter>
    </ClCompile>
    <ClCompile Include="..\Private\CProjectile.cpp">
      <Filter>02. GameObject\03. Parts\01. Projectile</Filter>
    </ClCompile>
    <ClCompile Include="..\Private\CLegion_Champion.cpp">
      <Filter>02. GameObject\01. Monster\03. Legion\Legion_Champion</Filter>
    </ClCompile>
    <ClCompile Include="..\Private\CPlayerHit.cpp">
      <Filter>02. GameObject\00. Player\PlayerActions\03. HitAction</Filter>
    </ClCompile>
    <ClCompile Include="..\Private\CGoblin_Armor.cpp">
      <Filter>02. GameObject\01. Monster\01. Goblin\Goblin_Armor</Filter>
    </ClCompile>
    <ClCompile Include="..\Private\CSteamRoller.cpp">
      <Filter>02. GameObject\01. Monster\04. SteamRoller</Filter>
    </ClCompile>
    <ClCompile Include="..\Private\CLava.cpp">
      <Filter>02. GameObject\02. Environment\04. Lava</Filter>
    </ClCompile>
    <ClCompile Include="..\Private\CUI_Overlay.cpp">
      <Filter>02. GameObject\04. UI</Filter>
    </ClCompile>
    <ClCompile Include="..\Private\CUI_HpBar.cpp">
      <Filter>02. GameObject\04. UI</Filter>
    </ClCompile>
    <ClCompile Include="..\Private\CPattern_Roll.cpp">
      <Filter>02. GameObject\01. Monster\00. Patterns\SteamRoller</Filter>
    </ClCompile>
    <ClCompile Include="..\Private\CFollow.cpp">
      <Filter>03. MonoBehaviors\Movement</Filter>
    </ClCompile>
    <ClCompile Include="..\Private\CLookAtTarget.cpp">
      <Filter>03. MonoBehaviors\Movement</Filter>
    </ClCompile>
    <ClCompile Include="..\Private\CRandomLook.cpp">
      <Filter>03. MonoBehaviors\Movement</Filter>
    </ClCompile>
    <ClCompile Include="..\Private\CJump.cpp">
      <Filter>03. MonoBehaviors\Movement</Filter>
    </ClCompile>
    <ClCompile Include="..\Private\CMove.cpp">
      <Filter>03. MonoBehaviors\Movement</Filter>
    </ClCompile>
    <ClCompile Include="..\Private\CAction.cpp">
      <Filter>03. MonoBehaviors\Actions</Filter>
    </ClCompile>
    <ClCompile Include="..\Private\CHit.cpp">
      <Filter>03. MonoBehaviors\Actions</Filter>
    </ClCompile>
    <ClCompile Include="..\Private\CWait.cpp">
      <Filter>03. MonoBehaviors\Movement</Filter>
    </ClCompile>
    <ClCompile Include="..\Private\CPattern_BackDash.cpp">
      <Filter>02. GameObject\01. Monster\00. Patterns</Filter>
    </ClCompile>
    <ClCompile Include="..\Private\CRandomSelector.cpp">
      <Filter>03. MonoBehaviors</Filter>
    </ClCompile>
    <ClCompile Include="..\Private\CFallenDog.cpp">
      <Filter>02. GameObject\01. Monster\05. FallenDog</Filter>
    </ClCompile>
    <ClCompile Include="..\Private\CDead.cpp">
      <Filter>03. MonoBehaviors\Movement</Filter>
    </ClCompile>
    <ClCompile Include="..\Private\CGoblin.cpp">
      <Filter>02. GameObject\01. Monster\01. Goblin\Goblin</Filter>
    </ClCompile>
    <ClCompile Include="..\Private\CAoE.cpp">
      <Filter>02. GameObject\99. ETC\AOE</Filter>
    </ClCompile>
    <ClCompile Include="..\Private\CWheelWind.cpp">
      <Filter>02. GameObject\00. Player\PlayerActions\04. Skills\WheelWind</Filter>
    </ClCompile>
    <ClCompile Include="..\Private\CLeapAttack.cpp">
      <Filter>02. GameObject\00. Player\PlayerActions\04. Skills\LeapAttack</Filter>
    </ClCompile>
    <ClCompile Include="..\Private\CPlayerKnockback.cpp">
      <Filter>02. GameObject\00. Player\PlayerActions\05. Knockback</Filter>
    </ClCompile>
    <ClCompile Include="..\Private\CPattern_Wheel.cpp">
      <Filter>02. GameObject\01. Monster\00. Patterns\Legion_Champion</Filter>
    </ClCompile>
    <ClCompile Include="..\Private\CHollowLord.cpp">
      <Filter>02. GameObject\01. Monster\06. HollowLord</Filter>
    </ClCompile>
    <ClCompile Include="..\Private\CCamera_Free.cpp">
      <Filter>02. GameObject\03. Parts\02. Camera</Filter>
    </ClCompile>
    <ClCompile Include="..\Private\CTrigger_Free.cpp">
      <Filter>02. GameObject\05. Trigger</Filter>
    </ClCompile>
    <ClCompile Include="..\Private\CBoss_Attack.cpp">
      <Filter>02. GameObject\01. Monster\00. Patterns\HollowLord</Filter>
    </ClCompile>
  </ItemGroup>
  <ItemGroup>
    <ResourceCompile Include="Client.rc">
      <Filter>98. Default</Filter>
    </ResourceCompile>
  </ItemGroup>
  <ItemGroup>
    <None Include="..\Bin\ShaderFiles\Shader_Client_Defines.hlsli">
      <Filter>97. ShaderFiles</Filter>
    </None>
  </ItemGroup>
  <ItemGroup>
    <FxCompile Include="..\Bin\ShaderFiles\Shader_Deferred.hlsl">
      <Filter>97. ShaderFiles</Filter>
    </FxCompile>
    <FxCompile Include="..\Bin\ShaderFiles\Shader_Navigation.hlsl">
      <Filter>97. ShaderFiles</Filter>
    </FxCompile>
    <FxCompile Include="..\Bin\ShaderFiles\Shader_Vtx.hlsl">
      <Filter>97. ShaderFiles</Filter>
    </FxCompile>
    <FxCompile Include="..\Bin\ShaderFiles\Shader_VtxAnimMesh.hlsl">
      <Filter>97. ShaderFiles</Filter>
    </FxCompile>
    <FxCompile Include="..\Bin\ShaderFiles\Shader_VtxCol.hlsl">
      <Filter>97. ShaderFiles</Filter>
    </FxCompile>
    <FxCompile Include="..\Bin\ShaderFiles\Shader_VtxCube.hlsl">
      <Filter>97. ShaderFiles</Filter>
    </FxCompile>
    <FxCompile Include="..\Bin\ShaderFiles\Shader_VtxMesh.hlsl">
      <Filter>97. ShaderFiles</Filter>
    </FxCompile>
    <FxCompile Include="..\Bin\ShaderFiles\Shader_VtxNorTex.hlsl">
      <Filter>97. ShaderFiles</Filter>
    </FxCompile>
    <FxCompile Include="..\Bin\ShaderFiles\Shader_VtxPointInstance.hlsl">
      <Filter>97. ShaderFiles</Filter>
    </FxCompile>
    <FxCompile Include="..\Bin\ShaderFiles\Shader_VtxRectInstance.hlsl">
      <Filter>97. ShaderFiles</Filter>
    </FxCompile>
    <FxCompile Include="..\Bin\ShaderFiles\Shader_VtxTex.hlsl">
      <Filter>97. ShaderFiles</Filter>
    </FxCompile>
  </ItemGroup>
</Project>