<?xml version="1.0" encoding="utf-8"?>
<Project ToolsVersion="4.0" xmlns="http://schemas.microsoft.com/developer/msbuild/2003">
  <ItemGroup>
    <Filter Include="98. Default">
      <UniqueIdentifier>{d2e15854-a5f3-4324-92ef-e656b9999efc}</UniqueIdentifier>
    </Filter>
    <Filter Include="99. Headers">
      <UniqueIdentifier>{3d72aa4e-c515-40d6-8fa4-a5dec4d950f7}</UniqueIdentifier>
    </Filter>
    <Filter Include="97. ETC">
      <UniqueIdentifier>{29182b9a-f238-4bd3-b984-bca7c6a1d2e3}</UniqueIdentifier>
    </Filter>
    <Filter Include="97. ETC\01. FileInfo">
      <UniqueIdentifier>{7abe81b5-f5d6-40ab-bfb3-e4850cf868d2}</UniqueIdentifier>
    </Filter>
    <Filter Include="00. MainApp">
      <UniqueIdentifier>{ada701e6-53cf-4b98-8486-df362138286b}</UniqueIdentifier>
    </Filter>
    <Filter Include="MFC">
      <UniqueIdentifier>{ddb5d4ba-3fbd-43fa-9ac5-daf6a3abb8b6}</UniqueIdentifier>
    </Filter>
    <Filter Include="MFC\02. Document">
      <UniqueIdentifier>{94d89b1e-cbd7-4b1d-b035-73d6488f347d}</UniqueIdentifier>
    </Filter>
    <Filter Include="MFC\01. ToolView">
      <UniqueIdentifier>{69a02f4e-f19b-4663-95e5-93bf59ab136a}</UniqueIdentifier>
    </Filter>
    <Filter Include="MFC\01. ToolView\MyForm">
      <UniqueIdentifier>{9b48e091-ae81-4d0e-a6bc-1626eecf1501}</UniqueIdentifier>
    </Filter>
    <Filter Include="MFC\01. ToolView\MyForm\Tabs">
      <UniqueIdentifier>{6dbaa2ab-03d4-44ef-82b6-1cfceae8164d}</UniqueIdentifier>
    </Filter>
    <Filter Include="MFC\01. ToolView\MyForm\Tabs\00. Tab_Terrain">
      <UniqueIdentifier>{65b7bab6-ee36-4a7c-8bd1-c09afa6aed1a}</UniqueIdentifier>
    </Filter>
    <Filter Include="MFC\01. ToolView\MyForm\Tabs\01. Tab_Mesh">
      <UniqueIdentifier>{c73d8452-90c5-4dfe-abc6-452f6f149fba}</UniqueIdentifier>
    </Filter>
    <Filter Include="MFC\01. ToolView\MyForm\Tabs\02. Tab_NaviMesh">
      <UniqueIdentifier>{6ca704a4-0880-41bd-8c18-9a352c5625b0}</UniqueIdentifier>
    </Filter>
    <Filter Include="MFC\01. ToolView\MyForm\Tabs\03. Tab_Camera">
      <UniqueIdentifier>{3ea2061b-df5c-41b3-9b87-e568136f5d36}</UniqueIdentifier>
    </Filter>
    <Filter Include="MFC\01. ToolView\MyForm\Tabs\04. Tab_Effect">
      <UniqueIdentifier>{0a781c4b-7918-4375-8de9-1ee5d5ac53bf}</UniqueIdentifier>
    </Filter>
    <Filter Include="MFC\01. ToolView\MyForm\Tabs\05. Tab_Animation">
      <UniqueIdentifier>{30d67def-bf09-48d9-9191-c17a5d6cb472}</UniqueIdentifier>
    </Filter>
    <Filter Include="MFC\01. ToolView\MyForm\Tabs\06. Tab_UI">
      <UniqueIdentifier>{f4ed6009-b37f-4888-bd96-89d751a07524}</UniqueIdentifier>
    </Filter>
    <Filter Include="MFC\00. MainFrame">
      <UniqueIdentifier>{3cd3c4b0-6814-4748-be15-6ae5f42f3760}</UniqueIdentifier>
    </Filter>
    <Filter Include="01. GameOjbect">
      <UniqueIdentifier>{9a3a2f90-63b4-473a-9c26-14acb97f6e1f}</UniqueIdentifier>
    </Filter>
    <Filter Include="01. GameOjbect\00. Terrain">
      <UniqueIdentifier>{c67a9d29-f018-475b-877d-eda4865b199a}</UniqueIdentifier>
    </Filter>
    <Filter Include="96. ShaderFiles">
      <UniqueIdentifier>{594b3092-1b41-46fa-875a-4cb86ac48de7}</UniqueIdentifier>
    </Filter>
    <Filter Include="01. GameOjbect\01. MainCamera">
      <UniqueIdentifier>{89987f25-15ab-42d2-90c0-5487657a1b29}</UniqueIdentifier>
    </Filter>
    <Filter Include="02. Levels">
      <UniqueIdentifier>{b5fa6558-049c-46e4-9c66-7b31667ff231}</UniqueIdentifier>
    </Filter>
    <Filter Include="97. ETC\00. ToolInstance">
      <UniqueIdentifier>{f14ced87-ff60-4062-8309-58f2744a30c3}</UniqueIdentifier>
    </Filter>
    <Filter Include="01. GameOjbect\02. Coordnate_Axis">
      <UniqueIdentifier>{7d4885f8-d130-4b0b-b4b1-aaf10ba65c68}</UniqueIdentifier>
    </Filter>
  </ItemGroup>
  <ItemGroup>
    <ClInclude Include="targetver.h">
      <Filter>98. Default</Filter>
    </ClInclude>
    <ClInclude Include="Resource.h">
      <Filter>98. Default</Filter>
    </ClInclude>
    <ClInclude Include="pch.h">
      <Filter>98. Default</Filter>
    </ClInclude>
    <ClInclude Include="framework.h">
      <Filter>98. Default</Filter>
    </ClInclude>
    <ClInclude Include="MainFrm.h">
      <Filter>MFC\00. MainFrame</Filter>
    </ClInclude>
    <ClInclude Include="ToolDoc.h">
      <Filter>MFC\02. Document</Filter>
    </ClInclude>
    <ClInclude Include="ToolView.h">
      <Filter>MFC\01. ToolView</Filter>
    </ClInclude>
    <ClInclude Include="Tool.h">
      <Filter>98. Default</Filter>
    </ClInclude>
    <ClInclude Include="Tool_Defines.h">
      <Filter>99. Headers</Filter>
    </ClInclude>
    <ClInclude Include="CMyForm.h">
      <Filter>MFC\01. ToolView\MyForm</Filter>
    </ClInclude>
    <ClInclude Include="CTerrain.h">
      <Filter>01. GameOjbect\00. Terrain</Filter>
    </ClInclude>
    <ClInclude Include="CFileInfo.h">
      <Filter>97. ETC\01. FileInfo</Filter>
    </ClInclude>
    <ClInclude Include="CTabTerrain.h">
      <Filter>MFC\01. ToolView\MyForm\Tabs\00. Tab_Terrain</Filter>
    </ClInclude>
    <ClInclude Include="CTabMesh.h">
      <Filter>MFC\01. ToolView\MyForm\Tabs\01. Tab_Mesh</Filter>
    </ClInclude>
    <ClInclude Include="CTabNaviMesh.h">
      <Filter>MFC\01. ToolView\MyForm\Tabs\02. Tab_NaviMesh</Filter>
    </ClInclude>
    <ClInclude Include="CTabCamera.h">
      <Filter>MFC\01. ToolView\MyForm\Tabs\03. Tab_Camera</Filter>
    </ClInclude>
    <ClInclude Include="CTabEffect.h">
      <Filter>MFC\01. ToolView\MyForm\Tabs\04. Tab_Effect</Filter>
    </ClInclude>
    <ClInclude Include="CTabAnimation.h">
      <Filter>MFC\01. ToolView\MyForm\Tabs\05. Tab_Animation</Filter>
    </ClInclude>
    <ClInclude Include="CTabUI.h">
      <Filter>MFC\01. ToolView\MyForm\Tabs\06. Tab_UI</Filter>
    </ClInclude>
    <ClInclude Include="CMainApp.h">
      <Filter>00. MainApp</Filter>
    </ClInclude>
    <ClInclude Include="CMainCamera.h">
      <Filter>01. GameOjbect\01. MainCamera</Filter>
    </ClInclude>
    <ClInclude Include="CToolMap.h">
      <Filter>02. Levels</Filter>
    </ClInclude>
    <ClInclude Include="CToolInstance.h">
      <Filter>97. ETC\00. ToolInstance</Filter>
    </ClInclude>
    <ClInclude Include="CCoordnate_Axis.h">
      <Filter>01. GameOjbect\02. Coordnate_Axis</Filter>
    </ClInclude>
  </ItemGroup>
  <ItemGroup>
    <ClCompile Include="pch.cpp">
      <Filter>98. Default</Filter>
    </ClCompile>
    <ClCompile Include="MainFrm.cpp">
      <Filter>MFC\00. MainFrame</Filter>
    </ClCompile>
    <ClCompile Include="ToolDoc.cpp">
      <Filter>MFC\02. Document</Filter>
    </ClCompile>
    <ClCompile Include="ToolView.cpp">
      <Filter>MFC\01. ToolView</Filter>
    </ClCompile>
    <ClCompile Include="Tool.cpp">
      <Filter>98. Default</Filter>
    </ClCompile>
    <ClCompile Include="CMyForm.cpp">
      <Filter>MFC\01. ToolView\MyForm</Filter>
    </ClCompile>
    <ClCompile Include="CTerrain.cpp">
      <Filter>01. GameOjbect\00. Terrain</Filter>
    </ClCompile>
    <ClCompile Include="CFileInfo.cpp">
      <Filter>97. ETC\01. FileInfo</Filter>
    </ClCompile>
    <ClCompile Include="CTabTerrain.cpp">
      <Filter>MFC\01. ToolView\MyForm\Tabs\00. Tab_Terrain</Filter>
    </ClCompile>
    <ClCompile Include="CTabMesh.cpp">
      <Filter>MFC\01. ToolView\MyForm\Tabs\01. Tab_Mesh</Filter>
    </ClCompile>
    <ClCompile Include="CTabNaviMesh.cpp">
      <Filter>MFC\01. ToolView\MyForm\Tabs\02. Tab_NaviMesh</Filter>
    </ClCompile>
    <ClCompile Include="CTabCamera.cpp">
      <Filter>MFC\01. ToolView\MyForm\Tabs\03. Tab_Camera</Filter>
    </ClCompile>
    <ClCompile Include="CTabEffect.cpp">
      <Filter>MFC\01. ToolView\MyForm\Tabs\04. Tab_Effect</Filter>
    </ClCompile>
    <ClCompile Include="CTabAnimation.cpp">
      <Filter>MFC\01. ToolView\MyForm\Tabs\05. Tab_Animation</Filter>
    </ClCompile>
    <ClCompile Include="CTabUI.cpp">
      <Filter>MFC\01. ToolView\MyForm\Tabs\06. Tab_UI</Filter>
    </ClCompile>
    <ClCompile Include="CMainApp.cpp">
      <Filter>00. MainApp</Filter>
    </ClCompile>
    <ClCompile Include="CMainCamera.cpp">
      <Filter>01. GameOjbect\01. MainCamera</Filter>
    </ClCompile>
    <ClCompile Include="CToolMap.cpp">
      <Filter>02. Levels</Filter>
    </ClCompile>
    <ClCompile Include="CToolInstance.cpp">
      <Filter>97. ETC\00. ToolInstance</Filter>
    </ClCompile>
    <ClCompile Include="CCoordnate_Axis.cpp">
      <Filter>01. GameOjbect\02. Coordnate_Axis</Filter>
    </ClCompile>
  </ItemGroup>
  <ItemGroup>
    <Image Include="res\ToolDoc.ico">
      <Filter>98. Default</Filter>
    </Image>
    <Image Include="res\Toolbar.bmp">
      <Filter>98. Default</Filter>
    </Image>
    <Image Include="res\Tool.ico">
      <Filter>98. Default</Filter>
    </Image>
  </ItemGroup>
  <ItemGroup>
    <None Include="res\Tool.rc2">
      <Filter>98. Default</Filter>
    </None>
  </ItemGroup>
  <ItemGroup>
    <ResourceCompile Include="Tool.rc">
      <Filter>98. Default</Filter>
    </ResourceCompile>
  </ItemGroup>
  <ItemGroup>
    <FxCompile Include="..\Bin\ShaderFiles\Shader_Vtxtex.hlsl">
      <Filter>96. ShaderFiles</Filter>
    </FxCompile>
    <FxCompile Include="..\Bin\ShaderFiles\Shader_VtxNorTex.hlsl">
      <Filter>96. ShaderFiles</Filter>
    </FxCompile>
    <FxCompile Include="..\Bin\ShaderFiles\Shader_VtxCol.hlsl">
      <Filter>96. ShaderFiles</Filter>
    </FxCompile>
    <FxCompile Include="..\Bin\ShaderFiles\Shader_Vtx.hlsl">
      <Filter>96. ShaderFiles</Filter>
    </FxCompile>
  </ItemGroup>
</Project>